
Microsoft Visual Studio Solution File, Format Version 12.00
# Visual Studio Version 17
VisualStudioVersion = 17.11.35017.193
MinimumVisualStudioVersion = 10.0.40219.1
Project("{FAE04EC0-301F-11D3-BF4B-00C04F79EFBC}") = "sonarcloud-to-elastic", "sonarcloud-to-elastic\sonarcloud-to-elastic.csproj", "{CC846B09-52F4-4DE6-BE4E-F067885B294A}"
EndProject
Global
	GlobalSection(SolutionConfigurationPlatforms) = preSolution
		Debug|Any CPU = Debug|Any CPU
		Release|Any CPU = Release|Any CPU
	EndGlobalSection
	GlobalSection(ProjectConfigurationPlatforms) = postSolution
		{CC846B09-52F4-4DE6-BE4E-F067885B294A}.Debug|Any CPU.ActiveCfg = Debug|Any CPU
		{CC846B09-52F4-4DE6-BE4E-F067885B294A}.Debug|Any CPU.Build.0 = Debug|Any CPU
		{CC846B09-52F4-4DE6-BE4E-F067885B294A}.Release|Any CPU.ActiveCfg = Release|Any CPU
		{CC846B09-52F4-4DE6-BE4E-F067885B294A}.Release|Any CPU.Build.0 = Release|Any CPU
	EndGlobalSection
	GlobalSection(SolutionProperties) = preSolution
		HideSolutionNode = FALSE
	EndGlobalSection
	GlobalSection(ExtensibilityGlobals) = postSolution
		SolutionGuid = {670DE2B7-D63E-4D49-9B9C-450C4483A6D6}
	EndGlobalSection
EndGlobal
